
Microsoft Visual Studio Solution File, Format Version 12.00
# Visual Studio Version 17
VisualStudioVersion = 17.8.34330.188
MinimumVisualStudioVersion = 10.0.40219.1
Project("{9A19103F-16F7-4668-BE54-9A1E7A4F7556}") = "BirthdayBookingPartyRazorPages", "PRN221-BirthdayBookingParty\BirthdayBookingPartyRazorPages.csproj", "{756DB293-05E1-405F-AA62-950D6B451439}"
EndProject
Project("{9A19103F-16F7-4668-BE54-9A1E7A4F7556}") = "Repositories", "Repositories\Repositories.csproj", "{ECDC5DA1-5F4C-4020-9AE5-216E5EBAC2BB}"
EndProject
Project("{9A19103F-16F7-4668-BE54-9A1E7A4F7556}") = "Models", "Models\Models.csproj", "{9D70E1C4-4E7D-4F39-BBB2-DECAFAB88785}"
EndProject
Project("{9A19103F-16F7-4668-BE54-9A1E7A4F7556}") = "DAOs", "DAOs\DAOs.csproj", "{BAFFBFCF-0CB1-4B87-BD38-0BC9EE7F7861}"
EndProject
Project("{9A19103F-16F7-4668-BE54-9A1E7A4F7556}") = "Services", "Service\Services.csproj", "{04F02869-38F3-44C5-8601-5160423A0CDF}"
EndProject
Project("{FAE04EC0-301F-11D3-BF4B-00C04F79EFBC}") = "Validation", "Validation\Validation.csproj", "{FC7D6B1B-E88A-47C4-B900-2D60985D6961}"
EndProject
Global
	GlobalSection(SolutionConfigurationPlatforms) = preSolution
		Debug|Any CPU = Debug|Any CPU
		Release|Any CPU = Release|Any CPU
	EndGlobalSection
	GlobalSection(ProjectConfigurationPlatforms) = postSolution
		{756DB293-05E1-405F-AA62-950D6B451439}.Debug|Any CPU.ActiveCfg = Debug|Any CPU
		{756DB293-05E1-405F-AA62-950D6B451439}.Debug|Any CPU.Build.0 = Debug|Any CPU
		{756DB293-05E1-405F-AA62-950D6B451439}.Release|Any CPU.ActiveCfg = Release|Any CPU
		{756DB293-05E1-405F-AA62-950D6B451439}.Release|Any CPU.Build.0 = Release|Any CPU
		{ECDC5DA1-5F4C-4020-9AE5-216E5EBAC2BB}.Debug|Any CPU.ActiveCfg = Debug|Any CPU
		{ECDC5DA1-5F4C-4020-9AE5-216E5EBAC2BB}.Debug|Any CPU.Build.0 = Debug|Any CPU
		{ECDC5DA1-5F4C-4020-9AE5-216E5EBAC2BB}.Release|Any CPU.ActiveCfg = Release|Any CPU
		{ECDC5DA1-5F4C-4020-9AE5-216E5EBAC2BB}.Release|Any CPU.Build.0 = Release|Any CPU
		{9D70E1C4-4E7D-4F39-BBB2-DECAFAB88785}.Debug|Any CPU.ActiveCfg = Debug|Any CPU
		{9D70E1C4-4E7D-4F39-BBB2-DECAFAB88785}.Debug|Any CPU.Build.0 = Debug|Any CPU
		{9D70E1C4-4E7D-4F39-BBB2-DECAFAB88785}.Release|Any CPU.ActiveCfg = Release|Any CPU
		{9D70E1C4-4E7D-4F39-BBB2-DECAFAB88785}.Release|Any CPU.Build.0 = Release|Any CPU
		{BAFFBFCF-0CB1-4B87-BD38-0BC9EE7F7861}.Debug|Any CPU.ActiveCfg = Debug|Any CPU
		{BAFFBFCF-0CB1-4B87-BD38-0BC9EE7F7861}.Debug|Any CPU.Build.0 = Debug|Any CPU
		{BAFFBFCF-0CB1-4B87-BD38-0BC9EE7F7861}.Release|Any CPU.ActiveCfg = Release|Any CPU
		{BAFFBFCF-0CB1-4B87-BD38-0BC9EE7F7861}.Release|Any CPU.Build.0 = Release|Any CPU
		{04F02869-38F3-44C5-8601-5160423A0CDF}.Debug|Any CPU.ActiveCfg = Debug|Any CPU
		{04F02869-38F3-44C5-8601-5160423A0CDF}.Debug|Any CPU.Build.0 = Debug|Any CPU
		{04F02869-38F3-44C5-8601-5160423A0CDF}.Release|Any CPU.ActiveCfg = Release|Any CPU
		{04F02869-38F3-44C5-8601-5160423A0CDF}.Release|Any CPU.Build.0 = Release|Any CPU
		{FC7D6B1B-E88A-47C4-B900-2D60985D6961}.Debug|Any CPU.ActiveCfg = Debug|Any CPU
		{FC7D6B1B-E88A-47C4-B900-2D60985D6961}.Debug|Any CPU.Build.0 = Debug|Any CPU
		{FC7D6B1B-E88A-47C4-B900-2D60985D6961}.Release|Any CPU.ActiveCfg = Release|Any CPU
		{FC7D6B1B-E88A-47C4-B900-2D60985D6961}.Release|Any CPU.Build.0 = Release|Any CPU
	EndGlobalSection
	GlobalSection(SolutionProperties) = preSolution
		HideSolutionNode = FALSE
	EndGlobalSection
	GlobalSection(ExtensibilityGlobals) = postSolution
		SolutionGuid = {5F480CDD-38E5-4EBA-9776-564B3BE9EB5F}
	EndGlobalSection
EndGlobal
